// !$*UTF8*$!
{
	archiveVersion = 1;
	classes = {
	};
	objectVersion = 56;
	objects = {

/* Begin PBXBuildFile section */
		B1000000000000000000001 /* NASKTVApp.swift in Sources */ = {isa = PBXBuildFile; fileRef = B2000000000000000000001 /* NASKTVApp.swift */; };
		B1000000000000000000002 /* ServerConfig.swift in Sources */ = {isa = PBXBuildFile; fileRef = B2000000000000000000002 /* ServerConfig.swift */; };
		B1000000000000000000003 /* Song.swift in Sources */ = {isa = PBXBuildFile; fileRef = B2000000000000000000003 /* Song.swift */; };
		B1000000000000000000004 /* Artist.swift in Sources */ = {isa = PBXBuildFile; fileRef = B2000000000000000000004 /* Artist.swift */; };
		B1000000000000000000005 /* Category.swift in Sources */ = {isa = PBXBuildFile; fileRef = B2000000000000000000005 /* Category.swift */; };
		B1000000000000000000006 /* QueueItem.swift in Sources */ = {isa = PBXBuildFile; fileRef = B2000000000000000000006 /* QueueItem.swift */; };
		B1000000000000000000007 /* APIService.swift in Sources */ = {isa = PBXBuildFile; fileRef = B2000000000000000000007 /* APIService.swift */; };
		B1000000000000000000008 /* WebSocketService.swift in Sources */ = {isa = PBXBuildFile; fileRef = B2000000000000000000008 /* WebSocketService.swift */; };
		B1000000000000000000009 /* PlayerService.swift in Sources */ = {isa = PBXBuildFile; fileRef = B2000000000000000000009 /* PlayerService.swift */; };
		B100000000000000000000A /* ServerViewModel.swift in Sources */ = {isa = PBXBuildFile; fileRef = B200000000000000000000A /* ServerViewModel.swift */; };
		B100000000000000000000B /* LibraryViewModel.swift in Sources */ = {isa = PBXBuildFile; fileRef = B200000000000000000000B /* LibraryViewModel.swift */; };
		B100000000000000000000C /* PlayerViewModel.swift in Sources */ = {isa = PBXBuildFile; fileRef = B200000000000000000000C /* PlayerViewModel.swift */; };
		B100000000000000000000D /* SearchViewModel.swift in Sources */ = {isa = PBXBuildFile; fileRef = B200000000000000000000D /* SearchViewModel.swift */; };
		B100000000000000000000E /* ServerSetupView.swift in Sources */ = {isa = PBXBuildFile; fileRef = B200000000000000000000E /* ServerSetupView.swift */; };
		B100000000000000000000F /* HomeView.swift in Sources */ = {isa = PBXBuildFile; fileRef = B200000000000000000000F /* HomeView.swift */; };
		B1000000000000000000010 /* PlayerView.swift in Sources */ = {isa = PBXBuildFile; fileRef = B2000000000000000000010 /* PlayerView.swift */; };
		B1000000000000000000011 /* SearchView.swift in Sources */ = {isa = PBXBuildFile; fileRef = B2000000000000000000011 /* SearchView.swift */; };
		B1000000000000000000012 /* QueueView.swift in Sources */ = {isa = PBXBuildFile; fileRef = B2000000000000000000012 /* QueueView.swift */; };
		B1000000000000000000013 /* MiniPlayerView.swift in Sources */ = {isa = PBXBuildFile; fileRef = B2000000000000000000013 /* MiniPlayerView.swift */; };
		B1000000000000000000014 /* SongListView.swift in Sources */ = {isa = PBXBuildFile; fileRef = B2000000000000000000014 /* SongListView.swift */; };
		B1000000000000000000015 /* Assets.xcassets in Resources */ = {isa = PBXBuildFile; fileRef = B2000000000000000000015 /* Assets.xcassets */; };
/* End PBXBuildFile section */

/* Begin PBXFileReference section */
		B2000000000000000000001 /* NASKTVApp.swift */ = {isa = PBXFileReference; lastKnownFileType = sourcecode.swift; path = NASKTVApp.swift; sourceTree = "<group>"; };
		B2000000000000000000002 /* ServerConfig.swift */ = {isa = PBXFileReference; lastKnownFileType = sourcecode.swift; path = ServerConfig.swift; sourceTree = "<group>"; };
		B2000000000000000000003 /* Song.swift */ = {isa = PBXFileReference; lastKnownFileType = sourcecode.swift; path = Song.swift; sourceTree = "<group>"; };
		B2000000000000000000004 /* Artist.swift */ = {isa = PBXFileReference; lastKnownFileType = sourcecode.swift; path = Artist.swift; sourceTree = "<group>"; };
		B2000000000000000000005 /* Category.swift */ = {isa = PBXFileReference; lastKnownFileType = sourcecode.swift; path = Category.swift; sourceTree = "<group>"; };
		B2000000000000000000006 /* QueueItem.swift */ = {isa = PBXFileReference; lastKnownFileType = sourcecode.swift; path = QueueItem.swift; sourceTree = "<group>"; };
		B2000000000000000000007 /* APIService.swift */ = {isa = PBXFileReference; lastKnownFileType = sourcecode.swift; path = APIService.swift; sourceTree = "<group>"; };
		B2000000000000000000008 /* WebSocketService.swift */ = {isa = PBXFileReference; lastKnownFileType = sourcecode.swift; path = WebSocketService.swift; sourceTree = "<group>"; };
		B2000000000000000000009 /* PlayerService.swift */ = {isa = PBXFileReference; lastKnownFileType = sourcecode.swift; path = PlayerService.swift; sourceTree = "<group>"; };
		B200000000000000000000A /* ServerViewModel.swift */ = {isa = PBXFileReference; lastKnownFileType = sourcecode.swift; path = ServerViewModel.swift; sourceTree = "<group>"; };
		B200000000000000000000B /* LibraryViewModel.swift */ = {isa = PBXFileReference; lastKnownFileType = sourcecode.swift; path = LibraryViewModel.swift; sourceTree = "<group>"; };
		B200000000000000000000C /* PlayerViewModel.swift */ = {isa = PBXFileReference; lastKnownFileType = sourcecode.swift; path = PlayerViewModel.swift; sourceTree = "<group>"; };
		B200000000000000000000D /* SearchViewModel.swift */ = {isa = PBXFileReference; lastKnownFileType = sourcecode.swift; path = SearchViewModel.swift; sourceTree = "<group>"; };
		B200000000000000000000E /* ServerSetupView.swift */ = {isa = PBXFileReference; lastKnownFileType = sourcecode.swift; path = ServerSetupView.swift; sourceTree = "<group>"; };
		B200000000000000000000F /* HomeView.swift */ = {isa = PBXFileReference; lastKnownFileType = sourcecode.swift; path = HomeView.swift; sourceTree = "<group>"; };
		B2000000000000000000010 /* PlayerView.swift */ = {isa = PBXFileReference; lastKnownFileType = sourcecode.swift; path = PlayerView.swift; sourceTree = "<group>"; };
		B2000000000000000000011 /* SearchView.swift */ = {isa = PBXFileReference; lastKnownFileType = sourcecode.swift; path = SearchView.swift; sourceTree = "<group>"; };
		B2000000000000000000012 /* QueueView.swift */ = {isa = PBXFileReference; lastKnownFileType = sourcecode.swift; path = QueueView.swift; sourceTree = "<group>"; };
		B2000000000000000000013 /* MiniPlayerView.swift */ = {isa = PBXFileReference; lastKnownFileType = sourcecode.swift; path = MiniPlayerView.swift; sourceTree = "<group>"; };
		B2000000000000000000014 /* SongListView.swift */ = {isa = PBXFileReference; lastKnownFileType = sourcecode.swift; path = SongListView.swift; sourceTree = "<group>"; };
		B2000000000000000000015 /* Assets.xcassets */ = {isa = PBXFileReference; lastKnownFileType = folder.assetcatalog; path = Assets.xcassets; sourceTree = "<group>"; };
		B2000000000000000000016 /* Info.plist */ = {isa = PBXFileReference; lastKnownFileType = text.plist.xml; path = Info.plist; sourceTree = "<group>"; };
		B2000000000000000000017 /* NASKTV.app */ = {isa = PBXFileReference; explicitFileType = wrapper.application; includeInIndex = 0; path = NASKTV.app; sourceTree = BUILT_PRODUCTS_DIR; };
/* End PBXFileReference section */

/* Begin PBXFrameworksBuildPhase section */
		B3000000000000000000001 /* Frameworks */ = {
			isa = PBXFrameworksBuildPhase;
			buildActionMask = 2147483647;
			files = (
			);
			runOnlyForDeploymentPostprocessing = 0;
		};
/* End PBXFrameworksBuildPhase section */

/* Begin PBXGroup section */
		B4000000000000000000001 = {
			isa = PBXGroup;
			children = (
				B4000000000000000000002 /* NASKTV */,
				B4000000000000000000003 /* Products */,
			);
			sourceTree = "<group>";
		};
		B4000000000000000000002 /* NASKTV */ = {
			isa = PBXGroup;
			children = (
				B2000000000000000000001 /* NASKTVApp.swift */,
				B4000000000000000000004 /* Models */,
				B4000000000000000000005 /* Services */,
				B4000000000000000000006 /* ViewModels */,
				B4000000000000000000007 /* Views */,
				B2000000000000000000015 /* Assets.xcassets */,
				B2000000000000000000016 /* Info.plist */,
			);
			path = NASKTV;
			sourceTree = "<group>";
		};
		B4000000000000000000003 /* Products */ = {
			isa = PBXGroup;
			children = (
				B2000000000000000000017 /* NASKTV.app */,
			);
			name = Products;
			sourceTree = "<group>";
		};
		B4000000000000000000004 /* Models */ = {
			isa = PBXGroup;
			children = (
				B2000000000000000000002 /* ServerConfig.swift */,
				B2000000000000000000003 /* Song.swift */,
				B2000000000000000000004 /* Artist.swift */,
				B2000000000000000000005 /* Category.swift */,
				B2000000000000000000006 /* QueueItem.swift */,
			);
			path = Models;
			sourceTree = "<group>";
		};
		B4000000000000000000005 /* Services */ = {
			isa = PBXGroup;
			children = (
				B2000000000000000000007 /* APIService.swift */,
				B2000000000000000000008 /* WebSocketService.swift */,
				B2000000000000000000009 /* PlayerService.swift */,
			);
			path = Services;
			sourceTree = "<group>";
		};
		B4000000000000000000006 /* ViewModels */ = {
			isa = PBXGroup;
			children = (
				B200000000000000000000A /* ServerViewModel.swift */,
				B200000000000000000000B /* LibraryViewModel.swift */,
				B200000000000000000000C /* PlayerViewModel.swift */,
				B200000000000000000000D /* SearchViewModel.swift */,
			);
			path = ViewModels;
			sourceTree = "<group>";
		};
		B4000000000000000000007 /* Views */ = {
			isa = PBXGroup;
			children = (
				B200000000000000000000E /* ServerSetupView.swift */,
				B200000000000000000000F /* HomeView.swift */,
				B2000000000000000000010 /* PlayerView.swift */,
				B2000000000000000000011 /* SearchView.swift */,
				B2000000000000000000012 /* QueueView.swift */,
				B2000000000000000000013 /* MiniPlayerView.swift */,
				B2000000000000000000014 /* SongListView.swift */,
			);
			path = Views;
			sourceTree = "<group>";
		};
/* End PBXGroup section */

/* Begin PBXNativeTarget section */
		B5000000000000000000001 /* NASKTV */ = {
			isa = PBXNativeTarget;
			buildConfigurationList = B6000000000000000000001 /* Build configuration list for PBXNativeTarget "NASKTV" */;
			buildPhases = (
				B7000000000000000000001 /* Sources */,
				B3000000000000000000001 /* Frameworks */,
				B8000000000000000000001 /* Resources */,
			);
			buildRules = (
			);
			dependencies = (
			);
			name = NASKTV;
			productName = NASKTV;
			productReference = B2000000000000000000017 /* NASKTV.app */;
			productType = "com.apple.product-type.application";
		};
/* End PBXNativeTarget section */

/* Begin PBXProject section */
		B9000000000000000000001 /* Project object */ = {
			isa = PBXProject;
			attributes = {
				BuildIndependentTargetsInParallel = 1;
				LastSwiftUpdateCheck = 1500;
				LastUpgradeCheck = 1500;
				TargetAttributes = {
					B5000000000000000000001 = {
						CreatedOnToolsVersion = 15.0;
					};
				};
			};
			buildConfigurationList = BA000000000000000000001 /* Build configuration list for PBXProject "NASKTV" */;
			compatibilityVersion = "Xcode 14.0";
			developmentRegion = en;
			hasScannedForEncodings = 0;
			knownRegions = (
				en,
				Base,
			);
			mainGroup = B4000000000000000000001;
			productRefGroup = B4000000000000000000003 /* Products */;
			projectDirPath = "";
			projectRoot = "";
			targets = (
				B5000000000000000000001 /* NASKTV */,
			);
		};
/* End PBXProject section */

/* Begin PBXResourcesBuildPhase section */
		B8000000000000000000001 /* Resources */ = {
			isa = PBXResourcesBuildPhase;
			buildActionMask = 2147483647;
			files = (
				B1000000000000000000015 /* Assets.xcassets in Resources */,
			);
			runOnlyForDeploymentPostprocessing = 0;
		};
/* End PBXResourcesBuildPhase section */

/* Begin PBXSourcesBuildPhase section */
		B7000000000000000000001 /* Sources */ = {
			isa = PBXSourcesBuildPhase;
			buildActionMask = 2147483647;
			files = (
				B1000000000000000000001 /* NASKTVApp.swift in Sources */,
				B1000000000000000000002 /* ServerConfig.swift in Sources */,
				B1000000000000000000003 /* Song.swift in Sources */,
				B1000000000000000000004 /* Artist.swift in Sources */,
				B1000000000000000000005 /* Category.swift in Sources */,
				B1000000000000000000006 /* QueueItem.swift in Sources */,
				B1000000000000000000007 /* APIService.swift in Sources */,
				B1000000000000000000008 /* WebSocketService.swift in Sources */,
				B1000000000000000000009 /* PlayerService.swift in Sources */,
				B100000000000000000000A /* ServerViewModel.swift in Sources */,
				B100000000000000000000B /* LibraryViewModel.swift in Sources */,
				B100000000000000000000C /* PlayerViewModel.swift in Sources */,
				B100000000000000000000D /* SearchViewModel.swift in Sources */,
				B100000000000000000000E /* ServerSetupView.swift in Sources */,
				B100000000000000000000F /* HomeView.swift in Sources */,
				B1000000000000000000010 /* PlayerView.swift in Sources */,
				B1000000000000000000011 /* SearchView.swift in Sources */,
				B1000000000000000000012 /* QueueView.swift in Sources */,
				B1000000000000000000013 /* MiniPlayerView.swift in Sources */,
				B1000000000000000000014 /* SongListView.swift in Sources */,
			);
			runOnlyForDeploymentPostprocessing = 0;
		};
/* End PBXSourcesBuildPhase section */

/* Begin XCBuildConfiguration section */
		BB000000000000000000001 /* Debug */ = {
			isa = XCBuildConfiguration;
			buildSettings = {
				ALWAYS_SEARCH_USER_PATHS = NO;
				CLANG_ANALYZER_NONNULL = YES;
				CLANG_ANALYZER_NUMBER_OBJECT_CONVERSION = YES_AGGRESSIVE;
				CLANG_CXX_LANGUAGE_STANDARD = "gnu++20";
				CLANG_ENABLE_MODULES = YES;
				CLANG_ENABLE_OBJC_ARC = YES;
				CLANG_ENABLE_OBJC_WEAK = YES;
				CLANG_WARN_BLOCK_CAPTURE_AUTORELEASING = YES;
				CLANG_WARN_BOOL_CONVERSION = YES;
				CLANG_WARN_COMMA = YES;
				CLANG_WARN_CONSTANT_CONVERSION = YES;
				CLANG_WARN_DEPRECATED_OBJC_IMPLEMENTATIONS = YES;
				CLANG_WARN_DIRECT_OBJC_ISA_USAGE = YES_ERROR;
				CLANG_WARN_DOCUMENTATION_COMMENTS = YES;
				CLANG_WARN_EMPTY_BODY = YES;
				CLANG_WARN_ENUM_CONVERSION = YES;
				CLANG_WARN_INFINITE_RECURSION = YES;
				CLANG_WARN_INT_CONVERSION = YES;
				CLANG_WARN_NON_LITERAL_NULL_CONVERSION = YES;
				CLANG_WARN_OBJC_IMPLICIT_RETAIN_SELF = YES;
				CLANG_WARN_OBJC_LITERAL_CONVERSION = YES;
				CLANG_WARN_OBJC_ROOT_CLASS = YES_ERROR;
				CLANG_WARN_QUOTED_INCLUDE_IN_FRAMEWORK_HEADER = YES;
				CLANG_WARN_RANGE_LOOP_ANALYSIS = YES;
				CLANG_WARN_STRICT_PROTOTYPES = YES;
				CLANG_WARN_SUSPICIOUS_MOVE = YES;
				CLANG_WARN_UNGUARDED_AVAILABILITY = YES_AGGRESSIVE;
				CLANG_WARN_UNREACHABLE_CODE = YES;
				CLANG_WARN__DUPLICATE_METHOD_MATCH = YES;
				COPY_PHASE_STRIP = NO;
				DEBUG_INFORMATION_FORMAT = dwarf;
				ENABLE_STRICT_OBJC_MSGSEND = YES;
				ENABLE_TESTABILITY = YES;
				ENABLE_USER_SCRIPT_SANDBOXING = YES;
				GCC_C_LANGUAGE_STANDARD = gnu17;
				GCC_DYNAMIC_NO_PIC = NO;
				GCC_NO_COMMON_BLOCKS = YES;
				GCC_OPTIMIZATION_LEVEL = 0;
				GCC_PREPROCESSOR_DEFINITIONS = (
					"DEBUG=1",
					"$(inherited)",
				);
				GCC_WARN_64_TO_32_BIT_CONVERSION = YES;
				GCC_WARN_ABOUT_RETURN_TYPE = YES_ERROR;
				GCC_WARN_UNDECLARED_SELECTOR = YES;
				GCC_WARN_UNINITIALIZED_AUTOS = YES_AGGRESSIVE;
				GCC_WARN_UNUSED_FUNCTION = YES;
				GCC_WARN_UNUSED_VARIABLE = YES;
				MTL_ENABLE_DEBUG_INFO = INCLUDE_SOURCE;
				MTL_FAST_MATH = YES;
				ONLY_ACTIVE_ARCH = YES;
				SDKROOT = appletvos;
				SWIFT_ACTIVE_COMPILATION_CONDITIONS = "DEBUG $(inherited)";
				SWIFT_OPTIMIZATION_LEVEL = "-Onone";
				SWIFT_VERSION = 5.0;
				TVOS_DEPLOYMENT_TARGET = 17.0;
			};
			name = Debug;
		};
		BB000000000000000000002 /* Release */ = {
			isa = XCBuildConfiguration;
			buildSettings = {
				ALWAYS_SEARCH_USER_PATHS = NO;
				CLANG_ANALYZER_NONNULL = YES;
				CLANG_ANALYZER_NUMBER_OBJECT_CONVERSION = YES_AGGRESSIVE;
				CLANG_CXX_LANGUAGE_STANDARD = "gnu++20";
				CLANG_ENABLE_MODULES = YES;
				CLANG_ENABLE_OBJC_ARC = YES;
				CLANG_ENABLE_OBJC_WEAK = YES;
				CLANG_WARN_BLOCK_CAPTURE_AUTORELEASING = YES;
				CLANG_WARN_BOOL_CONVERSION = YES;
				CLANG_WARN_COMMA = YES;
				CLANG_WARN_CONSTANT_CONVERSION = YES;
				CLANG_WARN_DEPRECATED_OBJC_IMPLEMENTATIONS = YES;
				CLANG_WARN_DIRECT_OBJC_ISA_USAGE = YES_ERROR;
				CLANG_WARN_DOCUMENTATION_COMMENTS = YES;
				CLANG_WARN_EMPTY_BODY = YES;
				CLANG_WARN_ENUM_CONVERSION = YES;
				CLANG_WARN_INFINITE_RECURSION = YES;
				CLANG_WARN_INT_CONVERSION = YES;
				CLANG_WARN_NON_LITERAL_NULL_CONVERSION = YES;
				CLANG_WARN_OBJC_IMPLICIT_RETAIN_SELF = YES;
				CLANG_WARN_OBJC_LITERAL_CONVERSION = YES;
				CLANG_WARN_OBJC_ROOT_CLASS = YES_ERROR;
				CLANG_WARN_QUOTED_INCLUDE_IN_FRAMEWORK_HEADER = YES;
				CLANG_WARN_RANGE_LOOP_ANALYSIS = YES;
				CLANG_WARN_STRICT_PROTOTYPES = YES;
				CLANG_WARN_SUSPICIOUS_MOVE = YES;
				CLANG_WARN_UNGUARDED_AVAILABILITY = YES_AGGRESSIVE;
				CLANG_WARN_UNREACHABLE_CODE = YES;
				CLANG_WARN__DUPLICATE_METHOD_MATCH = YES;
				COPY_PHASE_STRIP = NO;
				DEBUG_INFORMATION_FORMAT = "dwarf-with-dsym";
				ENABLE_NS_ASSERTIONS = NO;
				ENABLE_STRICT_OBJC_MSGSEND = YES;
				ENABLE_USER_SCRIPT_SANDBOXING = YES;
				GCC_C_LANGUAGE_STANDARD = gnu17;
				GCC_NO_COMMON_BLOCKS = YES;
				GCC_WARN_64_TO_32_BIT_CONVERSION = YES;
				GCC_WARN_ABOUT_RETURN_TYPE = YES_ERROR;
				GCC_WARN_UNDECLARED_SELECTOR = YES;
				GCC_WARN_UNINITIALIZED_AUTOS = YES_AGGRESSIVE;
				GCC_WARN_UNUSED_FUNCTION = YES;
				GCC_WARN_UNUSED_VARIABLE = YES;
				MTL_ENABLE_DEBUG_INFO = NO;
				MTL_FAST_MATH = YES;
				SDKROOT = appletvos;
				SWIFT_COMPILATION_MODE = wholemodule;
				SWIFT_VERSION = 5.0;
				TVOS_DEPLOYMENT_TARGET = 17.0;
				VALIDATE_PRODUCT = YES;
			};
			name = Release;
		};
		BB000000000000000000003 /* Debug */ = {
			isa = XCBuildConfiguration;
			buildSettings = {
				ASSETCATALOG_COMPILER_APPICON_NAME = AppIcon;
				ASSETCATALOG_COMPILER_GLOBAL_ACCENT_COLOR_NAME = AccentColor;
				CODE_SIGN_STYLE = Automatic;
				CURRENT_PROJECT_VERSION = 1;
				DEVELOPMENT_ASSET_PATHS = "";
				ENABLE_PREVIEWS = YES;
				GENERATE_INFOPLIST_FILE = NO;
				INFOPLIST_FILE = NASKTV/Info.plist;
				INFOPLIST_KEY_UIApplicationSceneManifest_Generation = YES;
				INFOPLIST_KEY_UIApplicationSupportsIndirectInputEvents = YES;
				INFOPLIST_KEY_UILaunchScreen_Generation = YES;
				LD_RUNPATH_SEARCH_PATHS = (
					"$(inherited)",
					"@executable_path/Frameworks",
				);
				MARKETING_VERSION = 1.0;
				PRODUCT_BUNDLE_IDENTIFIER = com.nasktv.app;
				PRODUCT_NAME = "$(TARGET_NAME)";
				SWIFT_EMIT_LOC_STRINGS = YES;
				SWIFT_VERSION = 5.0;
				TARGETED_DEVICE_FAMILY = 3;
			};
			name = Debug;
		};
		BB000000000000000000004 /* Release */ = {
			isa = XCBuildConfiguration;
			buildSettings = {
				ASSETCATALOG_COMPILER_APPICON_NAME = AppIcon;
				ASSETCATALOG_COMPILER_GLOBAL_ACCENT_COLOR_NAME = AccentColor;
				CODE_SIGN_STYLE = Automatic;
				CURRENT_PROJECT_VERSION = 1;
				DEVELOPMENT_ASSET_PATHS = "";
				ENABLE_PREVIEWS = YES;
				GENERATE_INFOPLIST_FILE = NO;
				INFOPLIST_FILE = NASKTV/Info.plist;
				INFOPLIST_KEY_UIApplicationSceneManifest_Generation = YES;
				INFOPLIST_KEY_UIApplicationSupportsIndirectInputEvents = YES;
				INFOPLIST_KEY_UILaunchScreen_Generation = YES;
				LD_RUNPATH_SEARCH_PATHS = (
					"$(inherited)",
					"@executable_path/Frameworks",
				);
				MARKETING_VERSION = 1.0;
				PRODUCT_BUNDLE_IDENTIFIER = com.nasktv.app;
				PRODUCT_NAME = "$(TARGET_NAME)";
				SWIFT_EMIT_LOC_STRINGS = YES;
				SWIFT_VERSION = 5.0;
				TARGETED_DEVICE_FAMILY = 3;
			};
			name = Release;
		};
/* End XCBuildConfiguration section */

/* Begin XCConfigurationList section */
		BA000000000000000000001 /* Build configuration list for PBXProject "NASKTV" */ = {
			isa = XCConfigurationList;
			buildConfigurations = (
				BB000000000000000000001 /* Debug */,
				BB000000000000000000002 /* Release */,
			);
			defaultConfigurationIsVisible = 0;
			defaultConfigurationName = Release;
		};
		B6000000000000000000001 /* Build configuration list for PBXNativeTarget "NASKTV" */ = {
			isa = XCConfigurationList;
			buildConfigurations = (
				BB000000000000000000003 /* Debug */,
				BB0000000000000000000004 /* Release */,
			);
			defaultConfigurationIsVisible = 0;
			defaultConfigurationName = Release;
		};
/* End XCConfigurationList section */
	};
	rootObject = B9000000000000000000001 /* Project object */;
}
