// !$*UTF8*$!
{
	archiveVersion = 1;
	classes = {
	};
	objectVersion = 56;
	objects = {

/* Begin PBXBuildFile section */
		C1000000000000000000001 /* NASKTVApp.swift in Sources */ = {isa = PBXBuildFile; fileRef = B1000000000000000000001 /* NASKTVApp.swift */; };
		C1000000000000000000002 /* Models.swift in Sources */ = {isa = PBXBuildFile; fileRef = B1000000000000000000002 /* Models.swift */; };
		C1000000000000000000003 /* WebSocketMessages.swift in Sources */ = {isa = PBXBuildFile; fileRef = B1000000000000000000003 /* WebSocketMessages.swift */; };
		C1000000000000000000004 /* APIService.swift in Sources */ = {isa = PBXBuildFile; fileRef = B1000000000000000000004 /* APIService.swift */; };
		C1000000000000000000005 /* WebSocketService.swift in Sources */ = {isa = PBXBuildFile; fileRef = B1000000000000000000005 /* WebSocketService.swift */; };
		C1000000000000000000006 /* PlayerService.swift in Sources */ = {isa = PBXBuildFile; fileRef = B1000000000000000000006 /* PlayerService.swift */; };
		C1000000000000000000007 /* AppViewModel.swift in Sources */ = {isa = PBXBuildFile; fileRef = B1000000000000000000007 /* AppViewModel.swift */; };
		C1000000000000000000008 /* SetupView.swift in Sources */ = {isa = PBXBuildFile; fileRef = B1000000000000000000008 /* SetupView.swift */; };
		C1000000000000000000009 /* BootstrapView.swift in Sources */ = {isa = PBXBuildFile; fileRef = B1000000000000000000009 /* BootstrapView.swift */; };
		C1000000000000000000010 /* HomeView.swift in Sources */ = {isa = PBXBuildFile; fileRef = B1000000000000000000010 /* HomeView.swift */; };
		C1000000000000000000011 /* NowPlayingView.swift in Sources */ = {isa = PBXBuildFile; fileRef = B1000000000000000000011 /* NowPlayingView.swift */; };
		C1000000000000000000012 /* QueueView.swift in Sources */ = {isa = PBXBuildFile; fileRef = B1000000000000000000012 /* QueueView.swift */; };
		C1000000000000000000013 /* Assets.xcassets in Resources */ = {isa = PBXBuildFile; fileRef = B1000000000000000000015 /* Assets.xcassets */; };
/* End PBXBuildFile section */

/* Begin PBXFileReference section */
		A1000000000000000000010 /* NASKTV.app */ = {isa = PBXFileReference; explicitFileType = wrapper.application; includeInIndex = 0; path = NASKTV.app; sourceTree = BUILT_PRODUCTS_DIR; };
		B1000000000000000000001 /* NASKTVApp.swift */ = {isa = PBXFileReference; lastKnownFileType = sourcecode.swift; path = NASKTVApp.swift; sourceTree = "<group>"; };
		B1000000000000000000002 /* Models.swift */ = {isa = PBXFileReference; lastKnownFileType = sourcecode.swift; path = Models.swift; sourceTree = "<group>"; };
		B1000000000000000000003 /* WebSocketMessages.swift */ = {isa = PBXFileReference; lastKnownFileType = sourcecode.swift; path = WebSocketMessages.swift; sourceTree = "<group>"; };
		B1000000000000000000004 /* APIService.swift */ = {isa = PBXFileReference; lastKnownFileType = sourcecode.swift; path = APIService.swift; sourceTree = "<group>"; };
		B1000000000000000000005 /* WebSocketService.swift */ = {isa = PBXFileReference; lastKnownFileType = sourcecode.swift; path = WebSocketService.swift; sourceTree = "<group>"; };
		B1000000000000000000006 /* PlayerService.swift */ = {isa = PBXFileReference; lastKnownFileType = sourcecode.swift; path = PlayerService.swift; sourceTree = "<group>"; };
		B1000000000000000000007 /* AppViewModel.swift */ = {isa = PBXFileReference; lastKnownFileType = sourcecode.swift; path = AppViewModel.swift; sourceTree = "<group>"; };
		B1000000000000000000008 /* SetupView.swift */ = {isa = PBXFileReference; lastKnownFileType = sourcecode.swift; path = SetupView.swift; sourceTree = "<group>"; };
		B1000000000000000000009 /* BootstrapView.swift */ = {isa = PBXFileReference; lastKnownFileType = sourcecode.swift; path = BootstrapView.swift; sourceTree = "<group>"; };
		B1000000000000000000010 /* HomeView.swift */ = {isa = PBXFileReference; lastKnownFileType = sourcecode.swift; path = HomeView.swift; sourceTree = "<group>"; };
		B1000000000000000000011 /* NowPlayingView.swift */ = {isa = PBXFileReference; lastKnownFileType = sourcecode.swift; path = NowPlayingView.swift; sourceTree = "<group>"; };
		B1000000000000000000012 /* QueueView.swift */ = {isa = PBXFileReference; lastKnownFileType = sourcecode.swift; path = QueueView.swift; sourceTree = "<group>"; };
		B1000000000000000000013 /* Info.plist */ = {isa = PBXFileReference; lastKnownFileType = text.plist.xml; path = Info.plist; sourceTree = "<group>"; };
		B1000000000000000000015 /* Assets.xcassets */ = {isa = PBXFileReference; lastKnownFileType = folder.assetcatalog; path = Assets.xcassets; sourceTree = "<group>"; };
/* End PBXFileReference section */

/* Begin PBXFrameworksBuildPhase section */
		A1000000000000000000012 /* Frameworks */ = {
			isa = PBXFrameworksBuildPhase;
			buildActionMask = 2147483647;
			files = (
			);
			runOnlyForDeploymentPostprocessing = 0;
		};
/* End PBXFrameworksBuildPhase section */

/* Begin PBXGroup section */
		A1000000000000000000002 /* NASKTV */ = {
			isa = PBXGroup;
			children = (
				A1000000000000000000004 /* NASKTV */,
				A1000000000000000000003 /* Products */,
			);
			sourceTree = "<group>";
		};
		A1000000000000000000003 /* Products */ = {
			isa = PBXGroup;
			children = (
				A1000000000000000000010 /* NASKTV.app */,
			);
			name = Products;
			sourceTree = "<group>";
		};
		A1000000000000000000004 /* NASKTV */ = {
			isa = PBXGroup;
			children = (
				B1000000000000000000001 /* NASKTVApp.swift */,
				A1000000000000000000005 /* Models */,
				A1000000000000000000006 /* Services */,
				A1000000000000000000007 /* ViewModels */,
				A1000000000000000000008 /* Views */,
				B1000000000000000000015 /* Assets.xcassets */,
				B1000000000000000000013 /* Info.plist */,
			);
			path = NASKTV;
			sourceTree = "<group>";
		};
		A1000000000000000000005 /* Models */ = {
			isa = PBXGroup;
			children = (
				B1000000000000000000002 /* Models.swift */,
				B1000000000000000000003 /* WebSocketMessages.swift */,
			);
			path = Models;
			sourceTree = "<group>";
		};
		A1000000000000000000006 /* Services */ = {
			isa = PBXGroup;
			children = (
				B1000000000000000000004 /* APIService.swift */,
				B1000000000000000000005 /* WebSocketService.swift */,
				B1000000000000000000006 /* PlayerService.swift */,
			);
			path = Services;
			sourceTree = "<group>";
		};
		A1000000000000000000007 /* ViewModels */ = {
			isa = PBXGroup;
			children = (
				B1000000000000000000007 /* AppViewModel.swift */,
			);
			path = ViewModels;
			sourceTree = "<group>";
		};
		A1000000000000000000008 /* Views */ = {
			isa = PBXGroup;
			children = (
				B1000000000000000000008 /* SetupView.swift */,
				B1000000000000000000009 /* BootstrapView.swift */,
				B1000000000000000000010 /* HomeView.swift */,
				B1000000000000000000011 /* NowPlayingView.swift */,
				B1000000000000000000012 /* QueueView.swift */,
			);
			path = Views;
			sourceTree = "<group>";
		};
/* End PBXGroup section */

/* Begin PBXNativeTarget section */
		A1000000000000000000009 /* NASKTV */ = {
			isa = PBXNativeTarget;
			buildConfigurationList = A1000000000000000000019 /* Build configuration list for PBXNativeTarget "NASKTV" */;
			buildPhases = (
				A1000000000000000000011 /* Sources */,
				A1000000000000000000012 /* Frameworks */,
				A1000000000000000000013 /* Resources */,
			);
			buildRules = (
			);
			dependencies = (
			);
			name = NASKTV;
			productName = NASKTV;
			productReference = A1000000000000000000010 /* NASKTV.app */;
			productType = "com.apple.product-type.application";
		};
/* End PBXNativeTarget section */

/* Begin PBXProject section */
		A1000000000000000000001 /* Project object */ = {
			isa = PBXProject;
			attributes = {
				BuildIndependentTargetsInParallel = 1;
				LastSwiftUpdateCheck = 1500;
				LastUpgradeCheck = 1500;
				TargetAttributes = {
					A1000000000000000000009 = {
						CreatedOnToolsVersion = 15.0;
					};
				};
			};
			buildConfigurationList = A1000000000000000000018 /* Build configuration list for PBXProject "NASKTV" */;
			compatibilityVersion = "Xcode 14.0";
			developmentRegion = en;
			hasScannedForEncodings = 0;
			knownRegions = (
				en,
				Base,
				"zh-Hans",
			);
			mainGroup = A1000000000000000000002;
			productRefGroup = A1000000000000000000003 /* Products */;
			projectDirPath = "";
			projectRoot = "";
			targets = (
				A1000000000000000000009 /* NASKTV */,
			);
		};
/* End PBXProject section */

/* Begin PBXResourcesBuildPhase section */
		A1000000000000000000013 /* Resources */ = {
			isa = PBXResourcesBuildPhase;
			buildActionMask = 2147483647;
			files = (
				C1000000000000000000013 /* Assets.xcassets in Resources */,
			);
			runOnlyForDeploymentPostprocessing = 0;
		};
/* End PBXResourcesBuildPhase section */

/* Begin PBXSourcesBuildPhase section */
		A1000000000000000000011 /* Sources */ = {
			isa = PBXSourcesBuildPhase;
			buildActionMask = 2147483647;
			files = (
				C1000000000000000000001 /* NASKTVApp.swift in Sources */,
				C1000000000000000000002 /* Models.swift in Sources */,
				C1000000000000000000003 /* WebSocketMessages.swift in Sources */,
				C1000000000000000000004 /* APIService.swift in Sources */,
				C1000000000000000000005 /* WebSocketService.swift in Sources */,
				C1000000000000000000006 /* PlayerService.swift in Sources */,
				C1000000000000000000007 /* AppViewModel.swift in Sources */,
				C1000000000000000000008 /* SetupView.swift in Sources */,
				C1000000000000000000009 /* BootstrapView.swift in Sources */,
				C1000000000000000000010 /* HomeView.swift in Sources */,
				C1000000000000000000011 /* NowPlayingView.swift in Sources */,
				C1000000000000000000012 /* QueueView.swift in Sources */,
			);
			runOnlyForDeploymentPostprocessing = 0;
		};
/* End PBXSourcesBuildPhase section */

/* Begin XCBuildConfiguration section */
		A1000000000000000000014 /* Debug */ = {
			isa = XCBuildConfiguration;
			buildSettings = {
				ALWAYS_SEARCH_USER_PATHS = NO;
				CLANG_ANALYZER_NONNULL = YES;
				CLANG_CXX_LANGUAGE_STANDARD = "gnu++20";
				CLANG_ENABLE_MODULES = YES;
				CLANG_ENABLE_OBJC_ARC = YES;
				CLANG_WARN_BLOCK_CAPTURE_AUTORELEASING = YES;
				CLANG_WARN_BOOL_CONVERSION = YES;
				CLANG_WARN_CONSTANT_CONVERSION = YES;
				CLANG_WARN_DIRECT_OBJC_ISA_USAGE = YES_ERROR;
				CLANG_WARN_EMPTY_BODY = YES;
				CLANG_WARN_ENUM_CONVERSION = YES;
				CLANG_WARN_INT_CONVERSION = YES;
				CLANG_WARN_OBJC_ROOT_CLASS = YES_ERROR;
				CLANG_WARN_RANGE_LOOP_ANALYSIS = YES;
				CLANG_WARN_STRICT_PROTOTYPES = YES;
				CLANG_WARN_SUSPICIOUS_MOVE = YES;
				CLANG_WARN_UNREACHABLE_CODE = YES;
				CLANG_WARN__DUPLICATE_METHOD_MATCH = YES;
				COPY_PHASE_STRIP = NO;
				DEBUG_INFORMATION_FORMAT = dwarf;
				ENABLE_STRICT_OBJC_MSGSEND = YES;
				ENABLE_TESTABILITY = YES;
				GCC_C_LANGUAGE_STANDARD = gnu17;
				GCC_DYNAMIC_NO_PIC = NO;
				GCC_NO_COMMON_BLOCKS = YES;
				GCC_OPTIMIZATION_LEVEL = 0;
				GCC_PREPROCESSOR_DEFINITIONS = (
					"DEBUG=1",
					"$(inherited)",
				);
				GCC_WARN_64_TO_32_BIT_CONVERSION = YES;
				GCC_WARN_ABOUT_RETURN_TYPE = YES_ERROR;
				GCC_WARN_UNDECLARED_SELECTOR = YES;
				GCC_WARN_UNINITIALIZED_AUTOS = YES_AGGRESSIVE;
				GCC_WARN_UNUSED_FUNCTION = YES;
				GCC_WARN_UNUSED_VARIABLE = YES;
				IPHONEOS_DEPLOYMENT_TARGET = 17.0;
				TVOS_DEPLOYMENT_TARGET = 17.0;
				MTL_ENABLE_DEBUG_INFO = INCLUDE_SOURCE;
				MTL_FAST_MATH = YES;
				ONLY_ACTIVE_ARCH = YES;
				SDKROOT = auto;
				SUPPORTED_PLATFORMS = "appletvos appletvsimulator iphoneos iphonesimulator";
				SWIFT_ACTIVE_COMPILATION_CONDITIONS = "DEBUG $(inherited)";
				SWIFT_OPTIMIZATION_LEVEL = "-Onone";
			};
			name = Debug;
		};
		A1000000000000000000015 /* Release */ = {
			isa = XCBuildConfiguration;
			buildSettings = {
				ALWAYS_SEARCH_USER_PATHS = NO;
				CLANG_ANALYZER_NONNULL = YES;
				CLANG_CXX_LANGUAGE_STANDARD = "gnu++20";
				CLANG_ENABLE_MODULES = YES;
				CLANG_ENABLE_OBJC_ARC = YES;
				CLANG_WARN_BLOCK_CAPTURE_AUTORELEASING = YES;
				CLANG_WARN_BOOL_CONVERSION = YES;
				CLANG_WARN_CONSTANT_CONVERSION = YES;
				CLANG_WARN_DIRECT_OBJC_ISA_USAGE = YES_ERROR;
				CLANG_WARN_EMPTY_BODY = YES;
				CLANG_WARN_ENUM_CONVERSION = YES;
				CLANG_WARN_INT_CONVERSION = YES;
				CLANG_WARN_OBJC_ROOT_CLASS = YES_ERROR;
				CLANG_WARN_RANGE_LOOP_ANALYSIS = YES;
				CLANG_WARN_STRICT_PROTOTYPES = YES;
				CLANG_WARN_SUSPICIOUS_MOVE = YES;
				CLANG_WARN_UNREACHABLE_CODE = YES;
				CLANG_WARN__DUPLICATE_METHOD_MATCH = YES;
				COPY_PHASE_STRIP = NO;
				DEBUG_INFORMATION_FORMAT = "dwarf-with-dsym";
				ENABLE_NS_ASSERTIONS = NO;
				ENABLE_STRICT_OBJC_MSGSEND = YES;
				GCC_C_LANGUAGE_STANDARD = gnu17;
				GCC_NO_COMMON_BLOCKS = YES;
				GCC_WARN_64_TO_32_BIT_CONVERSION = YES;
				GCC_WARN_ABOUT_RETURN_TYPE = YES_ERROR;
				GCC_WARN_UNDECLARED_SELECTOR = YES;
				GCC_WARN_UNINITIALIZED_AUTOS = YES_AGGRESSIVE;
				GCC_WARN_UNUSED_FUNCTION = YES;
				GCC_WARN_UNUSED_VARIABLE = YES;
				IPHONEOS_DEPLOYMENT_TARGET = 17.0;
				TVOS_DEPLOYMENT_TARGET = 17.0;
				MTL_ENABLE_DEBUG_INFO = NO;
				MTL_FAST_MATH = YES;
				SDKROOT = auto;
				SUPPORTED_PLATFORMS = "appletvos appletvsimulator iphoneos iphonesimulator";
				SWIFT_COMPILATION_MODE = wholemodule;
				VALIDATE_PRODUCT = YES;
			};
			name = Release;
		};
		A1000000000000000000016 /* Debug */ = {
			isa = XCBuildConfiguration;
			buildSettings = {
				ASSETCATALOG_COMPILER_APPICON_NAME = AppIcon;
				ASSETCATALOG_COMPILER_GLOBAL_ACCENT_COLOR_NAME = AccentColor;
				CODE_SIGN_STYLE = Automatic;
				CURRENT_PROJECT_VERSION = 1;
				ENABLE_PREVIEWS = YES;
				GENERATE_INFOPLIST_FILE = NO;
				INFOPLIST_FILE = NASKTV/Info.plist;
				LD_RUNPATH_SEARCH_PATHS = (
					"$(inherited)",
					"@executable_path/Frameworks",
				);
				MARKETING_VERSION = 1.0;
				PRODUCT_BUNDLE_IDENTIFIER = com.nasktv.app;
				PRODUCT_NAME = "$(TARGET_NAME)";
				SWIFT_EMIT_LOC_STRINGS = YES;
				SWIFT_VERSION = 5.0;
				TARGETED_DEVICE_FAMILY = "1,3";
			};
			name = Debug;
		};
		A1000000000000000000017 /* Release */ = {
			isa = XCBuildConfiguration;
			buildSettings = {
				ASSETCATALOG_COMPILER_APPICON_NAME = AppIcon;
				ASSETCATALOG_COMPILER_GLOBAL_ACCENT_COLOR_NAME = AccentColor;
				CODE_SIGN_STYLE = Automatic;
				CURRENT_PROJECT_VERSION = 1;
				ENABLE_PREVIEWS = YES;
				GENERATE_INFOPLIST_FILE = NO;
				INFOPLIST_FILE = NASKTV/Info.plist;
				LD_RUNPATH_SEARCH_PATHS = (
					"$(inherited)",
					"@executable_path/Frameworks",
				);
				MARKETING_VERSION = 1.0;
				PRODUCT_BUNDLE_IDENTIFIER = com.nasktv.app;
				PRODUCT_NAME = "$(TARGET_NAME)";
				SWIFT_EMIT_LOC_STRINGS = YES;
				SWIFT_VERSION = 5.0;
				TARGETED_DEVICE_FAMILY = "1,3";
			};
			name = Release;
		};
/* End XCBuildConfiguration section */

/* Begin XCConfigurationList section */
		A1000000000000000000018 /* Build configuration list for PBXProject "NASKTV" */ = {
			isa = XCConfigurationList;
			buildConfigurations = (
				A1000000000000000000014 /* Debug */,
				A1000000000000000000015 /* Release */,
			);
			defaultConfigurationIsVisible = 0;
			defaultConfigurationName = Release;
		};
		A1000000000000000000019 /* Build configuration list for PBXNativeTarget "NASKTV" */ = {
			isa = XCConfigurationList;
			buildConfigurations = (
				A1000000000000000000016 /* Debug */,
				A1000000000000000000017 /* Release */,
			);
			defaultConfigurationIsVisible = 0;
			defaultConfigurationName = Release;
		};
/* End XCConfigurationList section */
	};
	rootObject = A1000000000000000000001 /* Project object */;
}
