// !$*UTF8*$!
{
	archiveVersion = 1;
	classes = {
	};
	objectVersion = 56;
	objects = {

/* Begin PBXBuildFile section */
		A1000001000000000000A01 /* NASKTVApp.swift in Sources */ = {isa = PBXBuildFile; fileRef = A1000002000000000000A01 /* NASKTVApp.swift */; };
		A1000003000000000000A01 /* Models.swift in Sources */ = {isa = PBXBuildFile; fileRef = A1000004000000000000A01 /* Models.swift */; };
		A1000005000000000000A01 /* WebSocketMessages.swift in Sources */ = {isa = PBXBuildFile; fileRef = A1000006000000000000A01 /* WebSocketMessages.swift */; };
		A1000007000000000000A01 /* APIService.swift in Sources */ = {isa = PBXBuildFile; fileRef = A1000008000000000000A01 /* APIService.swift */; };
		A1000009000000000000A01 /* WebSocketService.swift in Sources */ = {isa = PBXBuildFile; fileRef = A100000A000000000000A01 /* WebSocketService.swift */; };
		A100000B000000000000A01 /* PlayerService.swift in Sources */ = {isa = PBXBuildFile; fileRef = A100000C000000000000A01 /* PlayerService.swift */; };
		A100000D000000000000A01 /* AppViewModel.swift in Sources */ = {isa = PBXBuildFile; fileRef = A100000E000000000000A01 /* AppViewModel.swift */; };
		A100000F000000000000A01 /* QRCodeImageView.swift in Sources */ = {isa = PBXBuildFile; fileRef = A1000010000000000000A01 /* QRCodeImageView.swift */; };
		A1000011000000000000A01 /* SetupView.swift in Sources */ = {isa = PBXBuildFile; fileRef = A1000012000000000000A01 /* SetupView.swift */; };
		A1000013000000000000A01 /* BootstrapView.swift in Sources */ = {isa = PBXBuildFile; fileRef = A1000014000000000000A01 /* BootstrapView.swift */; };
		A1000015000000000000A01 /* UnauthorizedView.swift in Sources */ = {isa = PBXBuildFile; fileRef = A1000016000000000000A01 /* UnauthorizedView.swift */; };
		A1000017000000000000A01 /* NowPlayingView.swift in Sources */ = {isa = PBXBuildFile; fileRef = A1000018000000000000A01 /* NowPlayingView.swift */; };
		A1000019000000000000A01 /* QueueView.swift in Sources */ = {isa = PBXBuildFile; fileRef = A100001A000000000000A01 /* QueueView.swift */; };
		A100001B000000000000A01 /* Assets.xcassets in Resources */ = {isa = PBXBuildFile; fileRef = A100001C000000000000A01 /* Assets.xcassets */; };
/* End PBXBuildFile section */

/* Begin PBXFileReference section */
		A1000002000000000000A01 /* NASKTVApp.swift */ = {isa = PBXFileReference; lastKnownFileType = sourcecode.swift; path = NASKTVApp.swift; sourceTree = "<group>"; };
		A1000004000000000000A01 /* Models.swift */ = {isa = PBXFileReference; lastKnownFileType = sourcecode.swift; path = Models.swift; sourceTree = "<group>"; };
		A1000006000000000000A01 /* WebSocketMessages.swift */ = {isa = PBXFileReference; lastKnownFileType = sourcecode.swift; path = WebSocketMessages.swift; sourceTree = "<group>"; };
		A1000008000000000000A01 /* APIService.swift */ = {isa = PBXFileReference; lastKnownFileType = sourcecode.swift; path = APIService.swift; sourceTree = "<group>"; };
		A100000A000000000000A01 /* WebSocketService.swift */ = {isa = PBXFileReference; lastKnownFileType = sourcecode.swift; path = WebSocketService.swift; sourceTree = "<group>"; };
		A100000C000000000000A01 /* PlayerService.swift */ = {isa = PBXFileReference; lastKnownFileType = sourcecode.swift; path = PlayerService.swift; sourceTree = "<group>"; };
		A100000E000000000000A01 /* AppViewModel.swift */ = {isa = PBXFileReference; lastKnownFileType = sourcecode.swift; path = AppViewModel.swift; sourceTree = "<group>"; };
		A1000010000000000000A01 /* QRCodeImageView.swift */ = {isa = PBXFileReference; lastKnownFileType = sourcecode.swift; path = QRCodeImageView.swift; sourceTree = "<group>"; };
		A1000012000000000000A01 /* SetupView.swift */ = {isa = PBXFileReference; lastKnownFileType = sourcecode.swift; path = SetupView.swift; sourceTree = "<group>"; };
		A1000014000000000000A01 /* BootstrapView.swift */ = {isa = PBXFileReference; lastKnownFileType = sourcecode.swift; path = BootstrapView.swift; sourceTree = "<group>"; };
		A1000016000000000000A01 /* UnauthorizedView.swift */ = {isa = PBXFileReference; lastKnownFileType = sourcecode.swift; path = UnauthorizedView.swift; sourceTree = "<group>"; };
		A1000018000000000000A01 /* NowPlayingView.swift */ = {isa = PBXFileReference; lastKnownFileType = sourcecode.swift; path = NowPlayingView.swift; sourceTree = "<group>"; };
		A100001A000000000000A01 /* QueueView.swift */ = {isa = PBXFileReference; lastKnownFileType = sourcecode.swift; path = QueueView.swift; sourceTree = "<group>"; };
		A100001C000000000000A01 /* Assets.xcassets */ = {isa = PBXFileReference; lastKnownFileType = folder.assetcatalog; path = Assets.xcassets; sourceTree = "<group>"; };
		A100001D000000000000A01 /* Info.plist */ = {isa = PBXFileReference; lastKnownFileType = text.plist.xml; path = Info.plist; sourceTree = "<group>"; };
		A100001E000000000000A01 /* NASKTV.app */ = {isa = PBXFileReference; explicitFileType = wrapper.application; includeInIndex = 0; path = NASKTV.app; sourceTree = BUILT_PRODUCTS_DIR; };
/* End PBXFileReference section */

/* Begin PBXFrameworksBuildPhase section */
		A100001F000000000000A01 /* Frameworks */ = {
			isa = PBXFrameworksBuildPhase;
			buildActionMask = 2147483647;
			files = (
			);
			runOnlyForDeploymentPostprocessing = 0;
		};
/* End PBXFrameworksBuildPhase section */

/* Begin PBXGroup section */
		A1000020000000000000A01 = {
			isa = PBXGroup;
			children = (
				A1000021000000000000A01 /* NASKTV */,
				A1000022000000000000A01 /* Products */,
			);
			sourceTree = "<group>";
		};
		A1000021000000000000A01 /* NASKTV */ = {
			isa = PBXGroup;
			children = (
				A1000002000000000000A01 /* NASKTVApp.swift */,
				A1000023000000000000A01 /* Models */,
				A1000024000000000000A01 /* Services */,
				A1000025000000000000A01 /* ViewModels */,
				A1000026000000000000A01 /* Views */,
				A100001C000000000000A01 /* Assets.xcassets */,
				A100001D000000000000A01 /* Info.plist */,
			);
			path = NASKTV;
			sourceTree = "<group>";
		};
		A1000023000000000000A01 /* Models */ = {
			isa = PBXGroup;
			children = (
				A1000004000000000000A01 /* Models.swift */,
				A1000006000000000000A01 /* WebSocketMessages.swift */,
			);
			path = Models;
			sourceTree = "<group>";
		};
		A1000024000000000000A01 /* Services */ = {
			isa = PBXGroup;
			children = (
				A1000008000000000000A01 /* APIService.swift */,
				A100000A000000000000A01 /* WebSocketService.swift */,
				A100000C000000000000A01 /* PlayerService.swift */,
			);
			path = Services;
			sourceTree = "<group>";
		};
		A1000025000000000000A01 /* ViewModels */ = {
			isa = PBXGroup;
			children = (
				A100000E000000000000A01 /* AppViewModel.swift */,
			);
			path = ViewModels;
			sourceTree = "<group>";
		};
		A1000026000000000000A01 /* Views */ = {
			isa = PBXGroup;
			children = (
				A1000010000000000000A01 /* QRCodeImageView.swift */,
				A1000012000000000000A01 /* SetupView.swift */,
				A1000014000000000000A01 /* BootstrapView.swift */,
				A1000016000000000000A01 /* UnauthorizedView.swift */,
				A1000018000000000000A01 /* NowPlayingView.swift */,
				A100001A000000000000A01 /* QueueView.swift */,
			);
			path = Views;
			sourceTree = "<group>";
		};
		A1000022000000000000A01 /* Products */ = {
			isa = PBXGroup;
			children = (
				A100001E000000000000A01 /* NASKTV.app */,
			);
			name = Products;
			sourceTree = "<group>";
		};
/* End PBXGroup section */

/* Begin PBXNativeTarget section */
		A1000027000000000000A01 /* NASKTV */ = {
			isa = PBXNativeTarget;
			buildConfigurationList = A100002A000000000000A01 /* Build configuration list for PBXNativeTarget "NASKTV" */;
			buildPhases = (
				A1000028000000000000A01 /* Sources */,
				A100001F000000000000A01 /* Frameworks */,
				A1000029000000000000A01 /* Resources */,
			);
			buildRules = (
			);
			dependencies = (
			);
			name = NASKTV;
			productName = NASKTV;
			productReference = A100001E000000000000A01 /* NASKTV.app */;
			productType = "com.apple.product-type.application";
		};
/* End PBXNativeTarget section */

/* Begin PBXProject section */
		A100002B000000000000A01 /* Project object */ = {
			isa = PBXProject;
			attributes = {
				BuildIndependentTargetsInParallel = 1;
				LastSwiftUpdateCheck = 1500;
				LastUpgradeCheck = 1500;
				TargetAttributes = {
					A1000027000000000000A01 = {
						CreatedOnToolsVersion = 15.0;
					};
				};
			};
			buildConfigurationList = A100002E000000000000A01 /* Build configuration list for PBXProject "NASKTV" */;
			compatibilityVersion = "Xcode 14.0";
			developmentRegion = en;
			hasScannedForEncodings = 0;
			knownRegions = (
				en,
				Base,
			);
			mainGroup = A1000020000000000000A01;
			productRefGroup = A1000022000000000000A01 /* Products */;
			projectDirPath = "";
			projectRoot = "";
			targets = (
				A1000027000000000000A01 /* NASKTV */,
			);
		};
/* End PBXProject section */

/* Begin PBXResourcesBuildPhase section */
		A1000029000000000000A01 /* Resources */ = {
			isa = PBXResourcesBuildPhase;
			buildActionMask = 2147483647;
			files = (
				A100001B000000000000A01 /* Assets.xcassets in Resources */,
			);
			runOnlyForDeploymentPostprocessing = 0;
		};
/* End PBXResourcesBuildPhase section */

/* Begin PBXSourcesBuildPhase section */
		A1000028000000000000A01 /* Sources */ = {
			isa = PBXSourcesBuildPhase;
			buildActionMask = 2147483647;
			files = (
				A1000001000000000000A01 /* NASKTVApp.swift in Sources */,
				A1000003000000000000A01 /* Models.swift in Sources */,
				A1000005000000000000A01 /* WebSocketMessages.swift in Sources */,
				A1000007000000000000A01 /* APIService.swift in Sources */,
				A1000009000000000000A01 /* WebSocketService.swift in Sources */,
				A100000B000000000000A01 /* PlayerService.swift in Sources */,
				A100000D000000000000A01 /* AppViewModel.swift in Sources */,
				A100000F000000000000A01 /* QRCodeImageView.swift in Sources */,
				A1000011000000000000A01 /* SetupView.swift in Sources */,
				A1000013000000000000A01 /* BootstrapView.swift in Sources */,
				A1000015000000000000A01 /* UnauthorizedView.swift in Sources */,
				A1000017000000000000A01 /* NowPlayingView.swift in Sources */,
				A1000019000000000000A01 /* QueueView.swift in Sources */,
			);
			runOnlyForDeploymentPostprocessing = 0;
		};
/* End PBXSourcesBuildPhase section */

/* Begin XCBuildConfiguration section */
		A100002C000000000000A01 /* Debug */ = {
			isa = XCBuildConfiguration;
			buildSettings = {
				ALWAYS_SEARCH_USER_PATHS = NO;
				CLANG_ANALYZER_NONNULL = YES;
				CLANG_ANALYZER_NUMBER_OBJECT_CONVERSION = YES_AGGRESSIVE;
				CLANG_CXX_LANGUAGE_STANDARD = "gnu++20";
				CLANG_ENABLE_MODULES = YES;
				CLANG_ENABLE_OBJC_ARC = YES;
				CLANG_ENABLE_OBJC_WEAK = YES;
				CLANG_WARN_BLOCK_CAPTURE_AUTORELEASING = YES;
				CLANG_WARN_BOOL_CONVERSION = YES;
				CLANG_WARN_COMMA = YES;
				CLANG_WARN_CONSTANT_CONVERSION = YES;
				CLANG_WARN_DEPRECATED_OBJC_IMPLEMENTATIONS = YES;
				CLANG_WARN_DIRECT_OBJC_ISA_USAGE = YES_ERROR;
				CLANG_WARN_DOCUMENTATION_COMMENTS = YES;
				CLANG_WARN_EMPTY_BODY = YES;
				CLANG_WARN_ENUM_CONVERSION = YES;
				CLANG_WARN_INFINITE_RECURSION = YES;
				CLANG_WARN_INT_CONVERSION = YES;
				CLANG_WARN_NON_LITERAL_NULL_CONVERSION = YES;
				CLANG_WARN_OBJC_IMPLICIT_RETAIN_SELF = YES;
				CLANG_WARN_OBJC_LITERAL_CONVERSION = YES;
				CLANG_WARN_OBJC_ROOT_CLASS = YES_ERROR;
				CLANG_WARN_QUOTED_INCLUDE_IN_FRAMEWORK_HEADER = YES;
				CLANG_WARN_RANGE_LOOP_ANALYSIS = YES;
				CLANG_WARN_STRICT_PROTOTYPES = YES;
				CLANG_WARN_SUSPICIOUS_MOVE = YES;
				CLANG_WARN_UNGUARDED_AVAILABILITY = YES_AGGRESSIVE;
				CLANG_WARN_UNREACHABLE_CODE = YES;
				CLANG_WARN__DUPLICATE_METHOD_MATCH = YES;
				COPY_PHASE_STRIP = NO;
				DEBUG_INFORMATION_FORMAT = dwarf;
				ENABLE_STRICT_OBJC_MSGSEND = YES;
				ENABLE_TESTABILITY = YES;
				GCC_C_LANGUAGE_STANDARD = gnu11;
				GCC_DYNAMIC_NO_PIC = NO;
				GCC_NO_COMMON_BLOCKS = YES;
				GCC_OPTIMIZATION_LEVEL = 0;
				GCC_PREPROCESSOR_DEFINITIONS = (
					"DEBUG=1",
					"$(inherited)",
				);
				GCC_WARN_64_TO_32_BIT_CONVERSION = YES;
				GCC_WARN_ABOUT_RETURN_TYPE = YES_ERROR;
				GCC_WARN_UNDECLARED_SELECTOR = YES;
				GCC_WARN_UNINITIALIZED_AUTOS = YES_AGGRESSIVE;
				GCC_WARN_UNUSED_FUNCTION = YES;
				GCC_WARN_UNUSED_VARIABLE = YES;
				IPHONEOS_DEPLOYMENT_TARGET = 16.0;
				TVOS_DEPLOYMENT_TARGET = 16.0;
				MTL_ENABLE_DEBUG_INFO = INCLUDE_SOURCE;
				MTL_FAST_MATH = YES;
				ONLY_ACTIVE_ARCH = YES;
				SDKROOT = appletvos;
				SWIFT_ACTIVE_COMPILATION_CONDITIONS = DEBUG;
				SWIFT_OPTIMIZATION_LEVEL = "-Onone";
			};
			name = Debug;
		};
		A100002D000000000000A01 /* Release */ = {
			isa = XCBuildConfiguration;
			buildSettings = {
				ALWAYS_SEARCH_USER_PATHS = NO;
				CLANG_ANALYZER_NONNULL = YES;
				CLANG_ANALYZER_NUMBER_OBJECT_CONVERSION = YES_AGGRESSIVE;
				CLANG_CXX_LANGUAGE_STANDARD = "gnu++20";
				CLANG_ENABLE_MODULES = YES;
				CLANG_ENABLE_OBJC_ARC = YES;
				CLANG_ENABLE_OBJC_WEAK = YES;
				CLANG_WARN_BLOCK_CAPTURE_AUTORELEASING = YES;
				CLANG_WARN_BOOL_CONVERSION = YES;
				CLANG_WARN_COMMA = YES;
				CLANG_WARN_CONSTANT_CONVERSION = YES;
				CLANG_WARN_DEPRECATED_OBJC_IMPLEMENTATIONS = YES;
				CLANG_WARN_DIRECT_OBJC_ISA_USAGE = YES_ERROR;
				CLANG_WARN_DOCUMENTATION_COMMENTS = YES;
				CLANG_WARN_EMPTY_BODY = YES;
				CLANG_WARN_ENUM_CONVERSION = YES;
				CLANG_WARN_INFINITE_RECURSION = YES;
				CLANG_WARN_INT_CONVERSION = YES;
				CLANG_WARN_NON_LITERAL_NULL_CONVERSION = YES;
				CLANG_WARN_OBJC_IMPLICIT_RETAIN_SELF = YES;
				CLANG_WARN_OBJC_LITERAL_CONVERSION = YES;
				CLANG_WARN_OBJC_ROOT_CLASS = YES_ERROR;
				CLANG_WARN_QUOTED_INCLUDE_IN_FRAMEWORK_HEADER = YES;
				CLANG_WARN_RANGE_LOOP_ANALYSIS = YES;
				CLANG_WARN_STRICT_PROTOTYPES = YES;
				CLANG_WARN_SUSPICIOUS_MOVE = YES;
				CLANG_WARN_UNGUARDED_AVAILABILITY = YES_AGGRESSIVE;
				CLANG_WARN_UNREACHABLE_CODE = YES;
				CLANG_WARN__DUPLICATE_METHOD_MATCH = YES;
				COPY_PHASE_STRIP = NO;
				DEBUG_INFORMATION_FORMAT = "dwarf-with-dsym";
				ENABLE_NS_ASSERTIONS = NO;
				ENABLE_STRICT_OBJC_MSGSEND = YES;
				GCC_C_LANGUAGE_STANDARD = gnu11;
				GCC_NO_COMMON_BLOCKS = YES;
				GCC_WARN_64_TO_32_BIT_CONVERSION = YES;
				GCC_WARN_ABOUT_RETURN_TYPE = YES_ERROR;
				GCC_WARN_UNDECLARED_SELECTOR = YES;
				GCC_WARN_UNINITIALIZED_AUTOS = YES_AGGRESSIVE;
				GCC_WARN_UNUSED_FUNCTION = YES;
				GCC_WARN_UNUSED_VARIABLE = YES;
				IPHONEOS_DEPLOYMENT_TARGET = 16.0;
				TVOS_DEPLOYMENT_TARGET = 16.0;
				MTL_ENABLE_DEBUG_INFO = NO;
				MTL_FAST_MATH = YES;
				SDKROOT = appletvos;
				SWIFT_COMPILATION_MODE = wholemodule;
				VALIDATE_PRODUCT = YES;
			};
			name = Release;
		};
		A100002F000000000000A01 /* Debug */ = {
			isa = XCBuildConfiguration;
			buildSettings = {
				ASSETCATALOG_COMPILER_APPICON_NAME = AppIcon;
				ASSETCATALOG_COMPILER_GLOBAL_ACCENT_COLOR_NAME = AccentColor;
				CODE_SIGN_IDENTITY = "";
				CODE_SIGNING_ALLOWED = NO;
				CODE_SIGNING_REQUIRED = NO;
				CODE_SIGN_STYLE = Manual;
				CURRENT_PROJECT_VERSION = 1;
				GENERATE_INFOPLIST_FILE = NO;
				INFOPLIST_FILE = NASKTV/Info.plist;
				INFOPLIST_KEY_UIApplicationSceneManifest_Generation = YES;
				INFOPLIST_KEY_UILaunchScreen_Generation = YES;
				LD_RUNPATH_SEARCH_PATHS = (
					"$(inherited)",
					"@executable_path/Frameworks",
				);
				MARKETING_VERSION = 1.0;
				PRODUCT_BUNDLE_IDENTIFIER = com.nasktv.app;
				PRODUCT_NAME = "$(TARGET_NAME)";
				SWIFT_EMIT_LOC_STRINGS = YES;
				SWIFT_VERSION = 5.0;
				TARGETED_DEVICE_FAMILY = "1,3";
			};
			name = Debug;
		};
		A1000030000000000000A01 /* Release */ = {
			isa = XCBuildConfiguration;
			buildSettings = {
				ASSETCATALOG_COMPILER_APPICON_NAME = AppIcon;
				ASSETCATALOG_COMPILER_GLOBAL_ACCENT_COLOR_NAME = AccentColor;
				CODE_SIGN_IDENTITY = "";
				CODE_SIGNING_ALLOWED = NO;
				CODE_SIGNING_REQUIRED = NO;
				CODE_SIGN_STYLE = Manual;
				CURRENT_PROJECT_VERSION = 1;
				GENERATE_INFOPLIST_FILE = NO;
				INFOPLIST_FILE = NASKTV/Info.plist;
				INFOPLIST_KEY_UIApplicationSceneManifest_Generation = YES;
				INFOPLIST_KEY_UILaunchScreen_Generation = YES;
				LD_RUNPATH_SEARCH_PATHS = (
					"$(inherited)",
					"@executable_path/Frameworks",
				);
				MARKETING_VERSION = 1.0;
				PRODUCT_BUNDLE_IDENTIFIER = com.nasktv.app;
				PRODUCT_NAME = "$(TARGET_NAME)";
				SWIFT_EMIT_LOC_STRINGS = YES;
				SWIFT_VERSION = 5.0;
				TARGETED_DEVICE_FAMILY = "1,3";
			};
			name = Release;
		};
/* End XCBuildConfiguration section */

/* Begin XCConfigurationList section */
		A100002E000000000000A01 /* Build configuration list for PBXProject "NASKTV" */ = {
			isa = XCConfigurationList;
			buildConfigurations = (
				A100002C000000000000A01 /* Debug */,
				A100002D000000000000A01 /* Release */,
			);
			defaultConfigurationIsVisible = 0;
			defaultConfigurationName = Release;
		};
		A100002A000000000000A01 /* Build configuration list for PBXNativeTarget "NASKTV" */ = {
			isa = XCConfigurationList;
			buildConfigurations = (
				A100002F000000000000A01 /* Debug */,
				A1000030000000000000A01 /* Release */,
			);
			defaultConfigurationIsVisible = 0;
			defaultConfigurationName = Release;
		};
/* End XCConfigurationList section */
	};
	rootObject = A100002B000000000000A01 /* Project object */;
}
